
Microsoft Visual Studio Solution File, Format Version 12.00
# Visual Studio 15
VisualStudioVersion = 15.0.28010.2048
MinimumVisualStudioVersion = 10.0.40219.1
Project("{FAE04EC0-301F-11D3-BF4B-00C04F79EFBC}") = "SimpleWPFApp", "SimpleWPFApp\SimpleWPFApp.csproj", "{EA037A17-D6F2-4A12-AEA1-A47504414607}"
EndProject
Project("{FAE04EC0-301F-11D3-BF4B-00C04F79EFBC}") = "CodedUITestProject2", "CodedUITestProject2\CodedUITestProject2.csproj", "{31B8C438-143C-424A-8196-04A5AFDA4C5A}"
EndProject
Global
	GlobalSection(SolutionConfigurationPlatforms) = preSolution
		Debug|Any CPU = Debug|Any CPU
		Release|Any CPU = Release|Any CPU
	EndGlobalSection
	GlobalSection(ProjectConfigurationPlatforms) = postSolution
		{EA037A17-D6F2-4A12-AEA1-A47504414607}.Debug|Any CPU.ActiveCfg = Debug|Any CPU
		{EA037A17-D6F2-4A12-AEA1-A47504414607}.Debug|Any CPU.Build.0 = Debug|Any CPU
		{EA037A17-D6F2-4A12-AEA1-A47504414607}.Release|Any CPU.ActiveCfg = Release|Any CPU
		{EA037A17-D6F2-4A12-AEA1-A47504414607}.Release|Any CPU.Build.0 = Release|Any CPU
		{31B8C438-143C-424A-8196-04A5AFDA4C5A}.Debug|Any CPU.ActiveCfg = Debug|Any CPU
		{31B8C438-143C-424A-8196-04A5AFDA4C5A}.Debug|Any CPU.Build.0 = Debug|Any CPU
		{31B8C438-143C-424A-8196-04A5AFDA4C5A}.Release|Any CPU.ActiveCfg = Release|Any CPU
		{31B8C438-143C-424A-8196-04A5AFDA4C5A}.Release|Any CPU.Build.0 = Release|Any CPU
	EndGlobalSection
	GlobalSection(SolutionProperties) = preSolution
		HideSolutionNode = FALSE
	EndGlobalSection
	GlobalSection(ExtensibilityGlobals) = postSolution
		SolutionGuid = {6987FD06-B46C-4CB3-A8DE-546A666CCF5E}
	EndGlobalSection
EndGlobal
